{
    "name": "idgrep",
    "version": "0.1.0",
    "lockfileVersion": 3,
    "requires": true,
    "packages": {
        "": {
            "name": "idgrep",
            "version": "0.1.0",
            "dependencies": {
                "commander": "^11.1.0",
                "escodegen": "^2.1.0",
                "escope": "^4.0.0",
                "espree": "^10.3.0",
                "esprima": "^4.0.1",
                "estraverse": "^5.3.0"
            },
            "bin": {
                "idgrep": "dist/idgrep.js"
            },
            "devDependencies": {
                "@types/espree": "^10.1.0",
                "@types/estraverse": "^5.1.7",
                "@types/node": "^20.0.0",
                "typescript": "^5.0.0"
            }
        },
        "node_modules/@types/espree": {
            "version": "10.1.0",
            "resolved": "https://registry.npmjs.org/@types/espree/-/espree-10.1.0.tgz",
            "integrity": "sha512-uPQZdoUWWMuO6WS8/dwX1stZH/vOBa/wAniGnYEFI0IuU9RmLx6PLmo+VGfNOlbRc5I7hBsQc8H0zcdVI37kxg==",
            "dev": true,
            "license": "MIT",
            "dependencies": {
                "acorn": "^8.12.0",
                "eslint-visitor-keys": "^4.0.0"
            }
        },
        "node_modules/@types/estraverse": {
            "version": "5.1.7",
            "resolved": "https://registry.npmjs.org/@types/estraverse/-/estraverse-5.1.7.tgz",
            "integrity": "sha512-JRVtdKYZz7VkNp7hMC/WKoiZ8DS3byw20ZGoMZ1R8eBrBPIY7iBaDAS1zcrnXQCwK44G4vbXkimeU7R0VLG8UQ==",
            "dev": true,
            "license": "MIT",
            "dependencies": {
                "@types/estree": "*"
            }
        },
        "node_modules/@types/estree": {
            "version": "1.0.8",
            "resolved": "https://registry.npmjs.org/@types/estree/-/estree-1.0.8.tgz",
            "integrity": "sha512-dWHzHa2WqEXI/O1E9OjrocMTKJl2mSrEolh1Iomrv6U+JuNwaHXsXx9bLu5gG7BUWFIN0skIQJQ/L1rIex4X6w==",
            "dev": true,
            "license": "MIT"
        },
        "node_modules/@types/node": {
            "version": "20.19.32",
            "resolved": "https://registry.npmjs.org/@types/node/-/node-20.19.32.tgz",
            "integrity": "sha512-Ez8QE4DMfhjjTsES9K2dwfV258qBui7qxUsoaixZDiTzbde4U12e1pXGNu/ECsUIOi5/zoCxAQxIhQnaUQ2VvA==",
            "dev": true,
            "license": "MIT",
            "dependencies": {
                "undici-types": "~6.21.0"
            }
        },
        "node_modules/acorn": {
            "version": "8.14.0",
            "resolved": "https://registry.npmjs.org/acorn/-/acorn-8.14.0.tgz",
            "integrity": "sha512-cl669nCJTZBsL97OF4kUQm5g5hC2uihk0NxY3WENAC0TYdILVkAyHymAntgxGkl7K+t0cXIrH5siy5S4XkFycA==",
            "license": "MIT",
            "bin": {
                "acorn": "bin/acorn"
            },
            "engines": {
                "node": ">=0.4.0"
            }
        },
        "node_modules/acorn-jsx": {
            "version": "5.3.2",
            "resolved": "https://registry.npmjs.org/acorn-jsx/-/acorn-jsx-5.3.2.tgz",
            "integrity": "sha512-rq9s+JNhf0IChjtDXxllJ7g41oZk5SlXtp0LHwyA5cejwn7vKmKp4pPri6YEePv2PU65sAsegbXtIinmDFDXgQ==",
            "peerDependencies": {
                "acorn": "^6.0.0 || ^7.0.0 || ^8.0.0"
            }
        },
        "node_modules/commander": {
            "version": "11.1.0",
            "resolved": "https://registry.npmjs.org/commander/-/commander-11.1.0.tgz",
            "integrity": "sha512-yPVavfyCcRhmorC7rWlkHn15b4wDVgVmBA7kV4QVBsF7kv/9TKJAbAXVTxvTnwP8HHKjRCJDClKbciiYS7p0DQ==",
            "engines": {
                "node": ">=16"
            }
        },
        "node_modules/escodegen": {
            "version": "2.1.0",
            "resolved": "https://registry.npmjs.org/escodegen/-/escodegen-2.1.0.tgz",
            "integrity": "sha512-2NlIDTwUWJN0mRPQOdtQBzbUHvdGY2P1VXSyU83Q3xKxM7WHX2Ql8dKq782Q9TgQUNOLEzEYu9bzLNj1q88I5w==",
            "license": "BSD-2-Clause",
            "dependencies": {
                "esprima": "^4.0.1",
                "estraverse": "^5.2.0",
                "esutils": "^2.0.2"
            },
            "bin": {
                "escodegen": "bin/escodegen.js",
                "esgenerate": "bin/esgenerate.js"
            },
            "engines": {
                "node": ">=6.0"
            },
            "optionalDependencies": {
                "source-map": "~0.6.1"
            }
        },
        "node_modules/escope": {
            "version": "4.0.0",
            "resolved": "https://registry.npmjs.org/escope/-/escope-4.0.0.tgz",
            "integrity": "sha512-E36qlD/r6RJHVpPKArgMoMlNJzoRJFH8z/cAZlI9lbc45zB3+S7i9k6e/MNb+7bZQzNEa6r8WKN3BovpeIBwgA==",
            "license": "BSD-2-Clause",
            "dependencies": {
                "esrecurse": "^4.1.0",
                "estraverse": "^4.1.1"
            },
            "engines": {
                "node": ">=4.0"
            }
        },
        "node_modules/escope/node_modules/estraverse": {
            "version": "4.3.0",
            "resolved": "https://registry.npmjs.org/estraverse/-/estraverse-4.3.0.tgz",
            "integrity": "sha512-39nnKffWz8xN1BU/2c79n9nB9HDzo0niYUqx6xyqUnyoAnQyyWpOTdZEeiCch8BBu515t4wp9ZmgVfVhn9EBpw==",
            "engines": {
                "node": ">=4.0"
            }
        },
        "node_modules/eslint-visitor-keys": {
            "version": "4.2.0",
            "resolved": "https://registry.npmjs.org/eslint-visitor-keys/-/eslint-visitor-keys-4.2.0.tgz",
            "integrity": "sha512-UyLnSehNt62FFhSwjZlHmeokpRK59rcz29j+F1/aDgbkbRTk7wIc9XzdoasMUbRNKDM0qQt/+BJ4BrpFeABemw==",
            "license": "Apache-2.0",
            "engines": {
                "node": "^18.18.0 || ^20.9.0 || >=21.1.0"
            },
            "funding": {
                "url": "https://opencollective.com/eslint"
            }
        },
        "node_modules/espree": {
            "version": "10.3.0",
            "resolved": "https://registry.npmjs.org/espree/-/espree-10.3.0.tgz",
            "integrity": "sha512-0QYC8b24HWY8zjRnDTL6RiHfDbAWn63qb4LMj1Z4b076A4une81+z03Kg7l7mn/48PUTqoLptSXez8oknU8Clg==",
            "license": "BSD-2-Clause",
            "dependencies": {
                "acorn": "^8.14.0",
                "acorn-jsx": "^5.3.2",
                "eslint-visitor-keys": "^4.2.0"
            },
            "engines": {
                "node": "^18.18.0 || ^20.9.0 || >=21.1.0"
            },
            "funding": {
                "url": "https://opencollective.com/eslint"
            }
        },
        "node_modules/esprima": {
            "version": "4.0.1",
            "resolved": "https://registry.npmjs.org/esprima/-/esprima-4.0.1.tgz",
            "integrity": "sha512-eGuFFw7Upda+g4p+QHvnW0RyTX/SVeJBDM/gCtMARO0cLuT2HcEKnTPvhjV6aGeqrCB/sbNop0Kszm0jsaWU4A==",
            "license": "BSD-2-Clause",
            "bin": {
                "esparse": "bin/esparse.js",
                "esvalidate": "bin/esvalidate.js"
            },
            "engines": {
                "node": ">=4"
            }
        },
        "node_modules/esrecurse": {
            "version": "4.3.0",
            "resolved": "https://registry.npmjs.org/esrecurse/-/esrecurse-4.3.0.tgz",
            "integrity": "sha512-KmfKL3b6G+RXvP8N1vr3Tq1kL/oCFgn2NYXEtqP8/L3pKapUA4G8cFVaoF3SU323CD4XypR/ffioHmkti6/Tag==",
            "dependencies": {
                "estraverse": "^5.2.0"
            },
            "engines": {
                "node": ">=4.0"
            }
        },
        "node_modules/estraverse": {
            "version": "5.3.0",
            "resolved": "https://registry.npmjs.org/estraverse/-/estraverse-5.3.0.tgz",
            "integrity": "sha512-MMdARuVEQziNTeJD8DgMqmhwR11BRQ/cBP+pLtYdSTnf3MIO8fFeiINEbX36ZdNlfU/7A9f3gUw49B3oQsvwBA==",
            "license": "BSD-2-Clause",
            "engines": {
                "node": ">=4.0"
            }
        },
        "node_modules/esutils": {
            "version": "2.0.3",
            "resolved": "https://registry.npmjs.org/esutils/-/esutils-2.0.3.tgz",
            "integrity": "sha512-kVscqXk4OCp68SZ0dkgEKVi6/8ij300KBWTJq32P/dYeWTSwK41WyTxalN1eRmA5Z9UU/LX9D7FWSmV9SAYx6g==",
            "engines": {
                "node": ">=0.10.0"
            }
        },
        "node_modules/source-map": {
            "version": "0.6.1",
            "resolved": "https://registry.npmjs.org/source-map/-/source-map-0.6.1.tgz",
            "integrity": "sha512-UjgapumWlbMhkBgzT7Ykc5YXUT46F0iKu8SGXq0bcwP5dz/h0Plj6enJqjz1Zbq2l5WaqYnrVbwWOWMyF3F47g==",
            "optional": true,
            "engines": {
                "node": ">=0.10.0"
            }
        },
        "node_modules/typescript": {
            "version": "5.9.3",
            "resolved": "https://registry.npmjs.org/typescript/-/typescript-5.9.3.tgz",
            "integrity": "sha512-jl1vZzPDinLr9eUt3J/t7V6FgNEw9QjvBPdysz9KfQDD41fQrC2Y4vKQdiaUpFT4bXlb1RHhLpp8wtm6M5TgSw==",
            "dev": true,
            "license": "Apache-2.0",
            "bin": {
                "tsc": "bin/tsc",
                "tsserver": "bin/tsserver"
            },
            "engines": {
                "node": ">=14.17"
            }
        },
        "node_modules/undici-types": {
            "version": "6.21.0",
            "resolved": "https://registry.npmjs.org/undici-types/-/undici-types-6.21.0.tgz",
            "integrity": "sha512-iwDZqg0QAGrg9Rav5H4n0M64c3mkR59cJ6wQp+7C4nI0gsmExaedaYLNO44eT4AtBBwjbTiGPMlt2Md0T9H9JQ==",
            "dev": true,
            "license": "MIT"
        }
    }
}
